PODS:
  - Flutter (1.0.0)
  - rust_lib_lanpilot (0.0.1):
    - Flutter

DEPENDENCIES:
  - Flutter (from `Flutter`)
  - rust_lib_lanpilot (from `.symlinks/plugins/rust_lib_lanpilot/ios`)

EXTERNAL SOURCES:
  Flutter:
    :path: Flutter
  rust_lib_lanpilot:
    :path: ".symlinks/plugins/rust_lib_lanpilot/ios"

SPEC CHECKSUMS:
  Flutter: 71a624a5bc0c04062bf19101d501e466baf2fb47
  rust_lib_lanpilot: bcb2f28ce82ee788bfe1b4b8d9886fa2643f896a

PODFILE CHECKSUM: 9580a49fa2c095d51100c20f258df867100b916b

COCOAPODS: 1.17.0
